
Microsoft Visual Studio Solution File, Format Version 12.00
# Visual Studio Version 16
VisualStudioVersion = 16.0.29806.167
MinimumVisualStudioVersion = 10.0.40219.1
Project("{FAE04EC0-301F-11D3-BF4B-00C04F79EFBC}") = "TikTakToe", "TikTakToe\TikTakToe.csproj", "{A43882D0-CCE7-4B22-ABD0-F29FAD111FD3}"
EndProject
Project("{FAE04EC0-301F-11D3-BF4B-00C04F79EFBC}") = "TiktakToeForm", "TiktakToeForm\TiktakToeForm.csproj", "{E72B0053-F998-42FF-A658-DC484E5CC838}"
EndProject
Global
	GlobalSection(SolutionConfigurationPlatforms) = preSolution
		Debug|Any CPU = Debug|Any CPU
		Release|Any CPU = Release|Any CPU
	EndGlobalSection
	GlobalSection(ProjectConfigurationPlatforms) = postSolution
		{A43882D0-CCE7-4B22-ABD0-F29FAD111FD3}.Debug|Any CPU.ActiveCfg = Debug|Any CPU
		{A43882D0-CCE7-4B22-ABD0-F29FAD111FD3}.Debug|Any CPU.Build.0 = Debug|Any CPU
		{A43882D0-CCE7-4B22-ABD0-F29FAD111FD3}.Release|Any CPU.ActiveCfg = Release|Any CPU
		{A43882D0-CCE7-4B22-ABD0-F29FAD111FD3}.Release|Any CPU.Build.0 = Release|Any CPU
		{E72B0053-F998-42FF-A658-DC484E5CC838}.Debug|Any CPU.ActiveCfg = Debug|Any CPU
		{E72B0053-F998-42FF-A658-DC484E5CC838}.Debug|Any CPU.Build.0 = Debug|Any CPU
		{E72B0053-F998-42FF-A658-DC484E5CC838}.Release|Any CPU.ActiveCfg = Release|Any CPU
		{E72B0053-F998-42FF-A658-DC484E5CC838}.Release|Any CPU.Build.0 = Release|Any CPU
	EndGlobalSection
	GlobalSection(SolutionProperties) = preSolution
		HideSolutionNode = FALSE
	EndGlobalSection
	GlobalSection(ExtensibilityGlobals) = postSolution
		SolutionGuid = {C7624306-F846-47FA-B616-47602BBD0034}
	EndGlobalSection
EndGlobal
